
Microsoft Visual Studio Solution File, Format Version 12.00
# Visual Studio Version 16
VisualStudioVersion = 16.0.29709.97
MinimumVisualStudioVersion = 10.0.40219.1
Project("{FAE04EC0-301F-11D3-BF4B-00C04F79EFBC}") = "Fogel", "Fogel.csproj", "{61699FDA-547F-4C07-95F1-BD062312B99A}"
EndProject
Project("{2150E333-8FDC-42A3-9474-1A3956D46DE8}") = "Solution Items", "Solution Items", "{815A3E33-638F-499A-9FB1-76520DC880C5}"
	ProjectSection(SolutionItems) = preProject
		Matrix.xml = Matrix.xml
		Product.xml = Product.xml
	EndProjectSection
EndProject
Global
	GlobalSection(SolutionConfigurationPlatforms) = preSolution
		Debug|Any CPU = Debug|Any CPU
		Release|Any CPU = Release|Any CPU
	EndGlobalSection
	GlobalSection(ProjectConfigurationPlatforms) = postSolution
		{61699FDA-547F-4C07-95F1-BD062312B99A}.Debug|Any CPU.ActiveCfg = Debug|Any CPU
		{61699FDA-547F-4C07-95F1-BD062312B99A}.Debug|Any CPU.Build.0 = Debug|Any CPU
		{61699FDA-547F-4C07-95F1-BD062312B99A}.Release|Any CPU.ActiveCfg = Release|Any CPU
		{61699FDA-547F-4C07-95F1-BD062312B99A}.Release|Any CPU.Build.0 = Release|Any CPU
	EndGlobalSection
	GlobalSection(SolutionProperties) = preSolution
		HideSolutionNode = FALSE
	EndGlobalSection
	GlobalSection(ExtensibilityGlobals) = postSolution
		SolutionGuid = {D2D28D61-2F2B-4A6B-9238-D29435420F77}
	EndGlobalSection
EndGlobal
